
Microsoft Visual Studio Solution File, Format Version 12.00
# Visual Studio Version 16
VisualStudioVersion = 16.0.31605.320
MinimumVisualStudioVersion = 10.0.40219.1
Project("{9A19103F-16F7-4668-BE54-9A1E7A4F7556}") = "Task1", "Task1\Task1.csproj", "{A8FB877B-467F-48AB-BB09-2ABA3E7D2688}"
EndProject
Project("{FAE04EC0-301F-11D3-BF4B-00C04F79EFBC}") = "Task3", "Task3\Task3.csproj", "{C2E45762-5831-447F-8642-E9A996C8DEF9}"
EndProject
Project("{2150E333-8FDC-42A3-9474-1A3956D46DE8}") = "Solution Items", "Solution Items", "{FAD69641-2774-4F59-B4C2-1095F435D446}"
	ProjectSection(SolutionItems) = preProject
		Task2.txt = Task2.txt
	EndProjectSection
EndProject
Global
	GlobalSection(SolutionConfigurationPlatforms) = preSolution
		Debug|Any CPU = Debug|Any CPU
		Release|Any CPU = Release|Any CPU
	EndGlobalSection
	GlobalSection(ProjectConfigurationPlatforms) = postSolution
		{A8FB877B-467F-48AB-BB09-2ABA3E7D2688}.Debug|Any CPU.ActiveCfg = Debug|Any CPU
		{A8FB877B-467F-48AB-BB09-2ABA3E7D2688}.Debug|Any CPU.Build.0 = Debug|Any CPU
		{A8FB877B-467F-48AB-BB09-2ABA3E7D2688}.Release|Any CPU.ActiveCfg = Release|Any CPU
		{A8FB877B-467F-48AB-BB09-2ABA3E7D2688}.Release|Any CPU.Build.0 = Release|Any CPU
		{C2E45762-5831-447F-8642-E9A996C8DEF9}.Debug|Any CPU.ActiveCfg = Debug|Any CPU
		{C2E45762-5831-447F-8642-E9A996C8DEF9}.Debug|Any CPU.Build.0 = Debug|Any CPU
		{C2E45762-5831-447F-8642-E9A996C8DEF9}.Release|Any CPU.ActiveCfg = Release|Any CPU
		{C2E45762-5831-447F-8642-E9A996C8DEF9}.Release|Any CPU.Build.0 = Release|Any CPU
	EndGlobalSection
	GlobalSection(SolutionProperties) = preSolution
		HideSolutionNode = FALSE
	EndGlobalSection
	GlobalSection(ExtensibilityGlobals) = postSolution
		SolutionGuid = {F7B2E61B-B27C-41BB-A8A7-04A3D7669691}
	EndGlobalSection
EndGlobal
